// !$*UTF8*$!
{
	archiveVersion = 1;
	classes = {
	};
	objectVersion = 50;
	objects = {

/* Begin PBXBuildFile section */
		6E158B6723FCC28800A4CA9E /* AppDelegate.swift in Sources */ = {isa = PBXBuildFile; fileRef = 6E158B6623FCC28800A4CA9E /* AppDelegate.swift */; };
		6E158B6923FCC28800A4CA9E /* SceneDelegate.swift in Sources */ = {isa = PBXBuildFile; fileRef = 6E158B6823FCC28800A4CA9E /* SceneDelegate.swift */; };
		6E158B6B23FCC28800A4CA9E /* ViewController.swift in Sources */ = {isa = PBXBuildFile; fileRef = 6E158B6A23FCC28800A4CA9E /* ViewController.swift */; };
		6E158B6E23FCC28800A4CA9E /* Main.storyboard in Resources */ = {isa = PBXBuildFile; fileRef = 6E158B6C23FCC28800A4CA9E /* Main.storyboard */; };
		6E158B7023FCC28E00A4CA9E /* Assets.xcassets in Resources */ = {isa = PBXBuildFile; fileRef = 6E158B6F23FCC28E00A4CA9E /* Assets.xcassets */; };
		6E158B7323FCC28E00A4CA9E /* LaunchScreen.storyboard in Resources */ = {isa = PBXBuildFile; fileRef = 6E158B7123FCC28E00A4CA9E /* LaunchScreen.storyboard */; };
		6E76FD1A2400B33F0026A1EA /* WikiManager.swift in Sources */ = {isa = PBXBuildFile; fileRef = 6E76FD192400B33F0026A1EA /* WikiManager.swift */; };
		6E76FD1C2400B3880026A1EA /* WikiModel.swift in Sources */ = {isa = PBXBuildFile; fileRef = 6E76FD1B2400B3880026A1EA /* WikiModel.swift */; };
		EDF3132CF5371EE57A7E5FE3 /* libPods-WhatFlower.a in Frameworks */ = {isa = PBXBuildFile; fileRef = B3C25B23A0AC9A9DA8158A43 /* libPods-WhatFlower.a */; };
/* End PBXBuildFile section */

/* Begin PBXFileReference section */
		5A53ED3CE16B9119B636548A /* Pods-WhatFlower.release.xcconfig */ = {isa = PBXFileReference; includeInIndex = 1; lastKnownFileType = text.xcconfig; name = "Pods-WhatFlower.release.xcconfig"; path = "Target Support Files/Pods-WhatFlower/Pods-WhatFlower.release.xcconfig"; sourceTree = "<group>"; };
		6E158B6323FCC28800A4CA9E /* WhatFlower.app */ = {isa = PBXFileReference; explicitFileType = wrapper.application; includeInIndex = 0; path = WhatFlower.app; sourceTree = BUILT_PRODUCTS_DIR; };
		6E158B6623FCC28800A4CA9E /* AppDelegate.swift */ = {isa = PBXFileReference; lastKnownFileType = sourcecode.swift; path = AppDelegate.swift; sourceTree = "<group>"; };
		6E158B6823FCC28800A4CA9E /* SceneDelegate.swift */ = {isa = PBXFileReference; lastKnownFileType = sourcecode.swift; path = SceneDelegate.swift; sourceTree = "<group>"; };
		6E158B6A23FCC28800A4CA9E /* ViewController.swift */ = {isa = PBXFileReference; lastKnownFileType = sourcecode.swift; path = ViewController.swift; sourceTree = "<group>"; };
		6E158B6D23FCC28800A4CA9E /* Base */ = {isa = PBXFileReference; lastKnownFileType = file.storyboard; name = Base; path = Base.lproj/Main.storyboard; sourceTree = "<group>"; };
		6E158B6F23FCC28E00A4CA9E /* Assets.xcassets */ = {isa = PBXFileReference; lastKnownFileType = folder.assetcatalog; path = Assets.xcassets; sourceTree = "<group>"; };
		6E158B7223FCC28E00A4CA9E /* Base */ = {isa = PBXFileReference; lastKnownFileType = file.storyboard; name = Base; path = Base.lproj/LaunchScreen.storyboard; sourceTree = "<group>"; };
		6E158B7423FCC28E00A4CA9E /* Info.plist */ = {isa = PBXFileReference; lastKnownFileType = text.plist.xml; path = Info.plist; sourceTree = "<group>"; };
		6E76FD192400B33F0026A1EA /* WikiManager.swift */ = {isa = PBXFileReference; lastKnownFileType = sourcecode.swift; path = WikiManager.swift; sourceTree = "<group>"; };
		6E76FD1B2400B3880026A1EA /* WikiModel.swift */ = {isa = PBXFileReference; lastKnownFileType = sourcecode.swift; path = WikiModel.swift; sourceTree = "<group>"; };
		7B20CBF0A2DCA874C2F77F42 /* Pods-WhatFlower.debug.xcconfig */ = {isa = PBXFileReference; includeInIndex = 1; lastKnownFileType = text.xcconfig; name = "Pods-WhatFlower.debug.xcconfig"; path = "Target Support Files/Pods-WhatFlower/Pods-WhatFlower.debug.xcconfig"; sourceTree = "<group>"; };
		B3C25B23A0AC9A9DA8158A43 /* libPods-WhatFlower.a */ = {isa = PBXFileReference; explicitFileType = archive.ar; includeInIndex = 0; path = "libPods-WhatFlower.a"; sourceTree = BUILT_PRODUCTS_DIR; };
/* End PBXFileReference section */

/* Begin PBXFrameworksBuildPhase section */
		6E158B6023FCC28800A4CA9E /* Frameworks */ = {
			isa = PBXFrameworksBuildPhase;
			buildActionMask = 2147483647;
			files = (
				EDF3132CF5371EE57A7E5FE3 /* libPods-WhatFlower.a in Frameworks */,
			);
			runOnlyForDeploymentPostprocessing = 0;
		};
/* End PBXFrameworksBuildPhase section */

/* Begin PBXGroup section */
		6E158B5A23FCC28800A4CA9E = {
			isa = PBXGroup;
			children = (
				6E158B6523FCC28800A4CA9E /* WhatFlower */,
				6E158B6423FCC28800A4CA9E /* Products */,
				72A91522C5583BBDFD4D7A99 /* Pods */,
				A997BB2FFE04B4A4318BFF50 /* Frameworks */,
			);
			sourceTree = "<group>";
		};
		6E158B6423FCC28800A4CA9E /* Products */ = {
			isa = PBXGroup;
			children = (
				6E158B6323FCC28800A4CA9E /* WhatFlower.app */,
			);
			name = Products;
			sourceTree = "<group>";
		};
		6E158B6523FCC28800A4CA9E /* WhatFlower */ = {
			isa = PBXGroup;
			children = (
				6E158B6623FCC28800A4CA9E /* AppDelegate.swift */,
				6E158B6823FCC28800A4CA9E /* SceneDelegate.swift */,
				6E76FD182400B31D0026A1EA /* Model */,
				6E158B6C23FCC28800A4CA9E /* Main.storyboard */,
				6E158B6A23FCC28800A4CA9E /* ViewController.swift */,
				6E158B6F23FCC28E00A4CA9E /* Assets.xcassets */,
				6E158B7123FCC28E00A4CA9E /* LaunchScreen.storyboard */,
				6E158B7423FCC28E00A4CA9E /* Info.plist */,
			);
			path = WhatFlower;
			sourceTree = "<group>";
		};
		6E76FD182400B31D0026A1EA /* Model */ = {
			isa = PBXGroup;
			children = (
				6E76FD192400B33F0026A1EA /* WikiManager.swift */,
				6E76FD1B2400B3880026A1EA /* WikiModel.swift */,
			);
			path = Model;
			sourceTree = "<group>";
		};
		72A91522C5583BBDFD4D7A99 /* Pods */ = {
			isa = PBXGroup;
			children = (
				7B20CBF0A2DCA874C2F77F42 /* Pods-WhatFlower.debug.xcconfig */,
				5A53ED3CE16B9119B636548A /* Pods-WhatFlower.release.xcconfig */,
			);
			path = Pods;
			sourceTree = "<group>";
		};
		A997BB2FFE04B4A4318BFF50 /* Frameworks */ = {
			isa = PBXGroup;
			children = (
				B3C25B23A0AC9A9DA8158A43 /* libPods-WhatFlower.a */,
			);
			name = Frameworks;
			sourceTree = "<group>";
		};
/* End PBXGroup section */

/* Begin PBXNativeTarget section */
		6E158B6223FCC28800A4CA9E /* WhatFlower */ = {
			isa = PBXNativeTarget;
			buildConfigurationList = 6E158B7723FCC28E00A4CA9E /* Build configuration list for PBXNativeTarget "WhatFlower" */;
			buildPhases = (
				033BEC19922C4B39881AC387 /* [CP] Check Pods Manifest.lock */,
				6E158B5F23FCC28800A4CA9E /* Sources */,
				6E158B6023FCC28800A4CA9E /* Frameworks */,
				6E158B6123FCC28800A4CA9E /* Resources */,
			);
			buildRules = (
			);
			dependencies = (
			);
			name = WhatFlower;
			productName = WhatFlower;
			productReference = 6E158B6323FCC28800A4CA9E /* WhatFlower.app */;
			productType = "com.apple.product-type.application";
		};
/* End PBXNativeTarget section */

/* Begin PBXProject section */
		6E158B5B23FCC28800A4CA9E /* Project object */ = {
			isa = PBXProject;
			attributes = {
				LastSwiftUpdateCheck = 1130;
				LastUpgradeCheck = 1130;
				ORGANIZATIONNAME = "Noel Moon";
				TargetAttributes = {
					6E158B6223FCC28800A4CA9E = {
						CreatedOnToolsVersion = 11.3.1;
					};
				};
			};
			buildConfigurationList = 6E158B5E23FCC28800A4CA9E /* Build configuration list for PBXProject "WhatFlower" */;
			compatibilityVersion = "Xcode 9.3";
			developmentRegion = en;
			hasScannedForEncodings = 0;
			knownRegions = (
				en,
				Base,
			);
			mainGroup = 6E158B5A23FCC28800A4CA9E;
			productRefGroup = 6E158B6423FCC28800A4CA9E /* Products */;
			projectDirPath = "";
			projectRoot = "";
			targets = (
				6E158B6223FCC28800A4CA9E /* WhatFlower */,
			);
		};
/* End PBXProject section */

/* Begin PBXResourcesBuildPhase section */
		6E158B6123FCC28800A4CA9E /* Resources */ = {
			isa = PBXResourcesBuildPhase;
			buildActionMask = 2147483647;
			files = (
				6E158B7323FCC28E00A4CA9E /* LaunchScreen.storyboard in Resources */,
				6E158B7023FCC28E00A4CA9E /* Assets.xcassets in Resources */,
				6E158B6E23FCC28800A4CA9E /* Main.storyboard in Resources */,
			);
			runOnlyForDeploymentPostprocessing = 0;
		};
/* End PBXResourcesBuildPhase section */

/* Begin PBXShellScriptBuildPhase section */
		033BEC19922C4B39881AC387 /* [CP] Check Pods Manifest.lock */ = {
			isa = PBXShellScriptBuildPhase;
			buildActionMask = 2147483647;
			files = (
			);
			inputFileListPaths = (
			);
			inputPaths = (
				"${PODS_PODFILE_DIR_PATH}/Podfile.lock",
				"${PODS_ROOT}/Manifest.lock",
			);
			name = "[CP] Check Pods Manifest.lock";
			outputFileListPaths = (
			);
			outputPaths = (
				"$(DERIVED_FILE_DIR)/Pods-WhatFlower-checkManifestLockResult.txt",
			);
			runOnlyForDeploymentPostprocessing = 0;
			shellPath = /bin/sh;
			shellScript = "diff \"${PODS_PODFILE_DIR_PATH}/Podfile.lock\" \"${PODS_ROOT}/Manifest.lock\" > /dev/null\nif [ $? != 0 ] ; then\n    # print error to STDERR\n    echo \"error: The sandbox is not in sync with the Podfile.lock. Run 'pod install' or update your CocoaPods installation.\" >&2\n    exit 1\nfi\n# This output is used by Xcode 'outputs' to avoid re-running this script phase.\necho \"SUCCESS\" > \"${SCRIPT_OUTPUT_FILE_0}\"\n";
			showEnvVarsInLog = 0;
		};
/* End PBXShellScriptBuildPhase section */

/* Begin PBXSourcesBuildPhase section */
		6E158B5F23FCC28800A4CA9E /* Sources */ = {
			isa = PBXSourcesBuildPhase;
			buildActionMask = 2147483647;
			files = (
				6E158B6B23FCC28800A4CA9E /* ViewController.swift in Sources */,
				6E158B6723FCC28800A4CA9E /* AppDelegate.swift in Sources */,
				6E158B6923FCC28800A4CA9E /* SceneDelegate.swift in Sources */,
				6E76FD1A2400B33F0026A1EA /* WikiManager.swift in Sources */,
				6E76FD1C2400B3880026A1EA /* WikiModel.swift in Sources */,
			);
			runOnlyForDeploymentPostprocessing = 0;
		};
/* End PBXSourcesBuildPhase section */

/* Begin PBXVariantGroup section */
		6E158B6C23FCC28800A4CA9E /* Main.storyboard */ = {
			isa = PBXVariantGroup;
			children = (
				6E158B6D23FCC28800A4CA9E /* Base */,
			);
			name = Main.storyboard;
			sourceTree = "<group>";
		};
		6E158B7123FCC28E00A4CA9E /* LaunchScreen.storyboard */ = {
			isa = PBXVariantGroup;
			children = (
				6E158B7223FCC28E00A4CA9E /* Base */,
			);
			name = LaunchScreen.storyboard;
			sourceTree = "<group>";
		};
/* End PBXVariantGroup section */

/* Begin XCBuildConfiguration section */
		6E158B7523FCC28E00A4CA9E /* Debug */ = {
			isa = XCBuildConfiguration;
			buildSettings = {
				ALWAYS_SEARCH_USER_PATHS = NO;
				CLANG_ANALYZER_NONNULL = YES;
				CLANG_ANALYZER_NUMBER_OBJECT_CONVERSION = YES_AGGRESSIVE;
				CLANG_CXX_LANGUAGE_STANDARD = "gnu++14";
				CLANG_CXX_LIBRARY = "libc++";
				CLANG_ENABLE_MODULES = YES;
				CLANG_ENABLE_OBJC_ARC = YES;
				CLANG_ENABLE_OBJC_WEAK = YES;
				CLANG_WARN_BLOCK_CAPTURE_AUTORELEASING = YES;
				CLANG_WARN_BOOL_CONVERSION = YES;
				CLANG_WARN_COMMA = YES;
				CLANG_WARN_CONSTANT_CONVERSION = YES;
				CLANG_WARN_DEPRECATED_OBJC_IMPLEMENTATIONS = YES;
				CLANG_WARN_DIRECT_OBJC_ISA_USAGE = YES_ERROR;
				CLANG_WARN_DOCUMENTATION_COMMENTS = YES;
				CLANG_WARN_EMPTY_BODY = YES;
				CLANG_WARN_ENUM_CONVERSION = YES;
				CLANG_WARN_INFINITE_RECURSION = YES;
				CLANG_WARN_INT_CONVERSION = YES;
				CLANG_WARN_NON_LITERAL_NULL_CONVERSION = YES;
				CLANG_WARN_OBJC_IMPLICIT_RETAIN_SELF = YES;
				CLANG_WARN_OBJC_LITERAL_CONVERSION = YES;
				CLANG_WARN_OBJC_ROOT_CLASS = YES_ERROR;
				CLANG_WARN_RANGE_LOOP_ANALYSIS = YES;
				CLANG_WARN_STRICT_PROTOTYPES = YES;
				CLANG_WARN_SUSPICIOUS_MOVE = YES;
				CLANG_WARN_UNGUARDED_AVAILABILITY = YES_AGGRESSIVE;
				CLANG_WARN_UNREACHABLE_CODE = YES;
				CLANG_WARN__DUPLICATE_METHOD_MATCH = YES;
				COPY_PHASE_STRIP = NO;
				DEBUG_INFORMATION_FORMAT = dwarf;
				ENABLE_STRICT_OBJC_MSGSEND = YES;
				ENABLE_TESTABILITY = YES;
				GCC_C_LANGUAGE_STANDARD = gnu11;
				GCC_DYNAMIC_NO_PIC = NO;
				GCC_NO_COMMON_BLOCKS = YES;
				GCC_OPTIMIZATION_LEVEL = 0;
				GCC_PREPROCESSOR_DEFINITIONS = (
					"DEBUG=1",
					"$(inherited)",
				);
				GCC_WARN_64_TO_32_BIT_CONVERSION = YES;
				GCC_WARN_ABOUT_RETURN_TYPE = YES_ERROR;
				GCC_WARN_UNDECLARED_SELECTOR = YES;
				GCC_WARN_UNINITIALIZED_AUTOS = YES_AGGRESSIVE;
				GCC_WARN_UNUSED_FUNCTION = YES;
				GCC_WARN_UNUSED_VARIABLE = YES;
				IPHONEOS_DEPLOYMENT_TARGET = 13.2;
				MTL_ENABLE_DEBUG_INFO = INCLUDE_SOURCE;
				MTL_FAST_MATH = YES;
				ONLY_ACTIVE_ARCH = YES;
				SDKROOT = iphoneos;
				SWIFT_ACTIVE_COMPILATION_CONDITIONS = DEBUG;
				SWIFT_OPTIMIZATION_LEVEL = "-Onone";
			};
			name = Debug;
		};
		6E158B7623FCC28E00A4CA9E /* Release */ = {
			isa = XCBuildConfiguration;
			buildSettings = {
				ALWAYS_SEARCH_USER_PATHS = NO;
				CLANG_ANALYZER_NONNULL = YES;
				CLANG_ANALYZER_NUMBER_OBJECT_CONVERSION = YES_AGGRESSIVE;
				CLANG_CXX_LANGUAGE_STANDARD = "gnu++14";
				CLANG_CXX_LIBRARY = "libc++";
				CLANG_ENABLE_MODULES = YES;
				CLANG_ENABLE_OBJC_ARC = YES;
				CLANG_ENABLE_OBJC_WEAK = YES;
				CLANG_WARN_BLOCK_CAPTURE_AUTORELEASING = YES;
				CLANG_WARN_BOOL_CONVERSION = YES;
				CLANG_WARN_COMMA = YES;
				CLANG_WARN_CONSTANT_CONVERSION = YES;
				CLANG_WARN_DEPRECATED_OBJC_IMPLEMENTATIONS = YES;
				CLANG_WARN_DIRECT_OBJC_ISA_USAGE = YES_ERROR;
				CLANG_WARN_DOCUMENTATION_COMMENTS = YES;
				CLANG_WARN_EMPTY_BODY = YES;
				CLANG_WARN_ENUM_CONVERSION = YES;
				CLANG_WARN_INFINITE_RECURSION = YES;
				CLANG_WARN_INT_CONVERSION = YES;
				CLANG_WARN_NON_LITERAL_NULL_CONVERSION = YES;
				CLANG_WARN_OBJC_IMPLICIT_RETAIN_SELF = YES;
				CLANG_WARN_OBJC_LITERAL_CONVERSION = YES;
				CLANG_WARN_OBJC_ROOT_CLASS = YES_ERROR;
				CLANG_WARN_RANGE_LOOP_ANALYSIS = YES;
				CLANG_WARN_STRICT_PROTOTYPES = YES;
				CLANG_WARN_SUSPICIOUS_MOVE = YES;
				CLANG_WARN_UNGUARDED_AVAILABILITY = YES_AGGRESSIVE;
				CLANG_WARN_UNREACHABLE_CODE = YES;
				CLANG_WARN__DUPLICATE_METHOD_MATCH = YES;
				COPY_PHASE_STRIP = NO;
				DEBUG_INFORMATION_FORMAT = "dwarf-with-dsym";
				ENABLE_NS_ASSERTIONS = NO;
				ENABLE_STRICT_OBJC_MSGSEND = YES;
				GCC_C_LANGUAGE_STANDARD = gnu11;
				GCC_NO_COMMON_BLOCKS = YES;
				GCC_WARN_64_TO_32_BIT_CONVERSION = YES;
				GCC_WARN_ABOUT_RETURN_TYPE = YES_ERROR;
				GCC_WARN_UNDECLARED_SELECTOR = YES;
				GCC_WARN_UNINITIALIZED_AUTOS = YES_AGGRESSIVE;
				GCC_WARN_UNUSED_FUNCTION = YES;
				GCC_WARN_UNUSED_VARIABLE = YES;
				IPHONEOS_DEPLOYMENT_TARGET = 13.2;
				MTL_ENABLE_DEBUG_INFO = NO;
				MTL_FAST_MATH = YES;
				SDKROOT = iphoneos;
				SWIFT_COMPILATION_MODE = wholemodule;
				SWIFT_OPTIMIZATION_LEVEL = "-O";
				VALIDATE_PRODUCT = YES;
			};
			name = Release;
		};
		6E158B7823FCC28E00A4CA9E /* Debug */ = {
			isa = XCBuildConfiguration;
			baseConfigurationReference = 7B20CBF0A2DCA874C2F77F42 /* Pods-WhatFlower.debug.xcconfig */;
			buildSettings = {
				ASSETCATALOG_COMPILER_APPICON_NAME = AppIcon;
				CODE_SIGN_STYLE = Automatic;
				DEVELOPMENT_TEAM = SD529AXR7T;
				INFOPLIST_FILE = WhatFlower/Info.plist;
				LD_RUNPATH_SEARCH_PATHS = (
					"$(inherited)",
					"@executable_path/Frameworks",
				);
				PRODUCT_BUNDLE_IDENTIFIER = Noel.WhatFlower;
				PRODUCT_NAME = "$(TARGET_NAME)";
				SWIFT_VERSION = 5.0;
				TARGETED_DEVICE_FAMILY = "1,2";
			};
			name = Debug;
		};
		6E158B7923FCC28E00A4CA9E /* Release */ = {
			isa = XCBuildConfiguration;
			baseConfigurationReference = 5A53ED3CE16B9119B636548A /* Pods-WhatFlower.release.xcconfig */;
			buildSettings = {
				ASSETCATALOG_COMPILER_APPICON_NAME = AppIcon;
				CODE_SIGN_STYLE = Automatic;
				DEVELOPMENT_TEAM = SD529AXR7T;
				INFOPLIST_FILE = WhatFlower/Info.plist;
				LD_RUNPATH_SEARCH_PATHS = (
					"$(inherited)",
					"@executable_path/Frameworks",
				);
				PRODUCT_BUNDLE_IDENTIFIER = Noel.WhatFlower;
				PRODUCT_NAME = "$(TARGET_NAME)";
				SWIFT_VERSION = 5.0;
				TARGETED_DEVICE_FAMILY = "1,2";
			};
			name = Release;
		};
/* End XCBuildConfiguration section */

/* Begin XCConfigurationList section */
		6E158B5E23FCC28800A4CA9E /* Build configuration list for PBXProject "WhatFlower" */ = {
			isa = XCConfigurationList;
			buildConfigurations = (
				6E158B7523FCC28E00A4CA9E /* Debug */,
				6E158B7623FCC28E00A4CA9E /* Release */,
			);
			defaultConfigurationIsVisible = 0;
			defaultConfigurationName = Release;
		};
		6E158B7723FCC28E00A4CA9E /* Build configuration list for PBXNativeTarget "WhatFlower" */ = {
			isa = XCConfigurationList;
			buildConfigurations = (
				6E158B7823FCC28E00A4CA9E /* Debug */,
				6E158B7923FCC28E00A4CA9E /* Release */,
			);
			defaultConfigurationIsVisible = 0;
			defaultConfigurationName = Release;
		};
/* End XCConfigurationList section */
	};
	rootObject = 6E158B5B23FCC28800A4CA9E /* Project object */;
}
